<?xml version="1.0" encoding="utf-8"?>
<Project ToolsVersion="4.0" xmlns="http://schemas.microsoft.com/developer/msbuild/2003">
  <ItemGroup>
    <Filter Include="main">
      <UniqueIdentifier>{4FC737F1-C7A5-4376-A066-2A32D752A2FF}</UniqueIdentifier>
      <Extensions>cpp;c;cc;cxx;def;odl;idl;hpj;bat;asm;asmx</Extensions>
    </Filter>
    <Filter Include="frame">
      <UniqueIdentifier>{93995380-89BD-4b04-88EB-625FBE52EBFB}</UniqueIdentifier>
      <Extensions>h;hpp;hxx;hm;inl;inc;xsd</Extensions>
    </Filter>
    <Filter Include="util">
      <UniqueIdentifier>{c48ada36-cd73-47ea-a291-9c2c0bca2acd}</UniqueIdentifier>
    </Filter>
  </ItemGroup>
  <ItemGroup>
    <ClCompile Include="..\..\frame\http_service\main.cpp">
      <Filter>main</Filter>
    </ClCompile>
    <ClCompile Include="..\..\frame\http_service\agreement.cpp">
      <Filter>frame</Filter>
    </ClCompile>
    <ClCompile Include="..\..\frame\http_service\http_service.cpp">
      <Filter>frame</Filter>
    </ClCompile>
    <ClCompile Include="..\..\frame\http_service\worker.cpp">
      <Filter>frame</Filter>
    </ClCompile>
    <ClCompile Include="..\..\src\util\assert.cpp">
      <Filter>util</Filter>
    </ClCompile>
    <ClCompile Include="..\..\src\util\helper.cpp">
      <Filter>util</Filter>
    </ClCompile>
    <ClCompile Include="..\..\src\util\log.cpp">
      <Filter>util</Filter>
    </ClCompile>
    <ClCompile Include="..\..\src\algorithm\maths.cpp">
      <Filter>util</Filter>
    </ClCompile>
    <ClCompile Include="..\..\src\util\string_util.cpp">
      <Filter>util</Filter>
    </ClCompile>
    <ClCompile Include="..\..\src\util\thread.cpp">
      <Filter>util</Filter>
    </ClCompile>
    <ClCompile Include="..\..\src\util\time_system.cpp">
      <Filter>util</Filter>
    </ClCompile>
  </ItemGroup>
  <ItemGroup>
    <ClInclude Include="..\..\frame\http_service\agreement.h">
      <Filter>frame</Filter>
    </ClInclude>
    <ClInclude Include="..\..\frame\http_service\http_service.h">
      <Filter>frame</Filter>
    </ClInclude>
    <ClInclude Include="..\..\frame\http_service\worker.h">
      <Filter>frame</Filter>
    </ClInclude>
    <ClInclude Include="..\..\src\util\assert.h">
      <Filter>util</Filter>
    </ClInclude>
    <ClInclude Include="..\..\src\util\helper.h">
      <Filter>util</Filter>
    </ClInclude>
    <ClInclude Include="..\..\src\util\log.h">
      <Filter>util</Filter>
    </ClInclude>
    <ClInclude Include="..\..\src\common\macrodef.h">
      <Filter>util</Filter>
    </ClInclude>
    <ClInclude Include="..\..\src\algorithm\maths.h">
      <Filter>util</Filter>
    </ClInclude>
    <ClInclude Include="..\..\src\pattern\singleton.h">
      <Filter>util</Filter>
    </ClInclude>
    <ClInclude Include="..\..\dependency\lib_self\libNet\include\socketdef.h">
      <Filter>util</Filter>
    </ClInclude>
    <ClInclude Include="..\..\src\util\string_util.h">
      <Filter>util</Filter>
    </ClInclude>
    <ClInclude Include="..\..\src\util\thread.h">
      <Filter>util</Filter>
    </ClInclude>
    <ClInclude Include="..\..\src\util\time_system.h">
      <Filter>util</Filter>
    </ClInclude>
    <ClInclude Include="..\..\src\common\type.h">
      <Filter>util</Filter>
    </ClInclude>
  </ItemGroup>
</Project>