<?xml version="1.0" encoding="utf-8"?>
<Project ToolsVersion="4.0" xmlns="http://schemas.microsoft.com/developer/msbuild/2003">
  <ItemGroup>
    <Filter Include="Source Files">
      <UniqueIdentifier>{4FC737F1-C7A5-4376-A066-2A32D752A2FF}</UniqueIdentifier>
      <Extensions>cpp;c;cxx;def;odl;idl;hpj;bat;asm;asmx</Extensions>
    </Filter>
    <Filter Include="Header Files">
      <UniqueIdentifier>{93995380-89BD-4b04-88EB-625FBE52EBFB}</UniqueIdentifier>
      <Extensions>h;hpp;hxx;hm;inl;inc;xsd</Extensions>
    </Filter>
    <Filter Include="Resource Files">
      <UniqueIdentifier>{67DA6AB6-F800-4c08-8B7A-83BB121AAD01}</UniqueIdentifier>
      <Extensions>rc;ico;cur;bmp;dlg;rc2;rct;bin;rgs;gif;jpg;jpeg;jpe;resx</Extensions>
    </Filter>
  </ItemGroup>
  <ItemGroup>
    <ClCompile Include="Archive.cpp">
      <Filter>Source Files</Filter>
    </ClCompile>
    <ClCompile Include="BuiltinType.cpp">
      <Filter>Source Files</Filter>
    </ClCompile>
    <ClCompile Include="ClassType.cpp">
      <Filter>Source Files</Filter>
    </ClCompile>
    <ClCompile Include="Field.cpp">
      <Filter>Source Files</Filter>
    </ClCompile>
    <ClCompile Include="Method.cpp">
      <Filter>Source Files</Filter>
    </ClCompile>
    <ClCompile Include="PointerType.cpp">
      <Filter>Source Files</Filter>
    </ClCompile>
    <ClCompile Include="Serialize.cpp">
      <Filter>Source Files</Filter>
    </ClCompile>
    <ClCompile Include="StringType.cpp">
      <Filter>Source Files</Filter>
    </ClCompile>
    <ClCompile Include="Type.cpp">
      <Filter>Source Files</Filter>
    </ClCompile>
    <ClCompile Include="TypeOf.cpp">
      <Filter>Source Files</Filter>
    </ClCompile>
    <ClCompile Include="TypeRegistry.cpp">
      <Filter>Source Files</Filter>
    </ClCompile>
  </ItemGroup>
  <ItemGroup>
    <ClInclude Include="..\include\Archive.h">
      <Filter>Header Files</Filter>
    </ClInclude>
    <ClInclude Include="..\include\BuiltinType.h">
      <Filter>Header Files</Filter>
    </ClInclude>
    <ClInclude Include="..\include\BuiltinTypeImpl.h">
      <Filter>Header Files</Filter>
    </ClInclude>
    <ClInclude Include="..\include\ClassType.h">
      <Filter>Header Files</Filter>
    </ClInclude>
    <ClInclude Include="..\include\ClassTypeImpl.h">
      <Filter>Header Files</Filter>
    </ClInclude>
    <ClInclude Include="..\include\Factory.h">
      <Filter>Header Files</Filter>
    </ClInclude>
    <ClInclude Include="..\include\Field.h">
      <Filter>Header Files</Filter>
    </ClInclude>
    <ClInclude Include="..\include\FieldImpl.h">
      <Filter>Header Files</Filter>
    </ClInclude>
    <ClInclude Include="..\include\MembDataPtr.h">
      <Filter>Header Files</Filter>
    </ClInclude>
    <ClInclude Include="..\include\Method.h">
      <Filter>Header Files</Filter>
    </ClInclude>
    <ClInclude Include="..\include\MethodImpl.h">
      <Filter>Header Files</Filter>
    </ClInclude>
    <ClInclude Include="..\include\ObjHolder.h">
      <Filter>Header Files</Filter>
    </ClInclude>
    <ClInclude Include="..\include\PointerType.h">
      <Filter>Header Files</Filter>
    </ClInclude>
    <ClInclude Include="..\include\Reflect.h">
      <Filter>Header Files</Filter>
    </ClInclude>
    <ClInclude Include="..\include\Serialize.h">
      <Filter>Header Files</Filter>
    </ClInclude>
    <ClInclude Include="..\include\Singleton.h">
      <Filter>Header Files</Filter>
    </ClInclude>
    <ClInclude Include="..\include\StaticReflect.h">
      <Filter>Header Files</Filter>
    </ClInclude>
    <ClInclude Include="..\include\StringType.h">
      <Filter>Header Files</Filter>
    </ClInclude>
    <ClInclude Include="..\include\Type.h">
      <Filter>Header Files</Filter>
    </ClInclude>
    <ClInclude Include="..\include\TypeOf.h">
      <Filter>Header Files</Filter>
    </ClInclude>
    <ClInclude Include="..\include\TypeRegistry.h">
      <Filter>Header Files</Filter>
    </ClInclude>
    <ClInclude Include="..\include\UpCaster.h">
      <Filter>Header Files</Filter>
    </ClInclude>
  </ItemGroup>
</Project>